
Microsoft Visual Studio Solution File, Format Version 12.00
# Visual Studio 2012
Project("{FAE04EC0-301F-11D3-BF4B-00C04F79EFBC}") = "carat-sab-dotnet", "sab_bootstrap5\carat-sab-dotnet.csproj", "{6F6A3597-4888-43B5-A5CB-B294010AC178}"
EndProject
Project("{00D1A9C2-B5F0-4AF3-8072-F6C62B433612}") = "sab-db", "sab-db\sab-db.sqlproj", "{74B4F5B1-25BB-454B-8612-DCC4769BEBB5}"
EndProject
Global
	GlobalSection(SolutionConfigurationPlatforms) = preSolution
		Debug|Any CPU = Debug|Any CPU
		Release|Any CPU = Release|Any CPU
	EndGlobalSection
	GlobalSection(ProjectConfigurationPlatforms) = postSolution
		{6F6A3597-4888-43B5-A5CB-B294010AC178}.Debug|Any CPU.ActiveCfg = Debug|Any CPU
		{6F6A3597-4888-43B5-A5CB-B294010AC178}.Debug|Any CPU.Build.0 = Debug|Any CPU
		{6F6A3597-4888-43B5-A5CB-B294010AC178}.Release|Any CPU.ActiveCfg = Release|Any CPU
		{6F6A3597-4888-43B5-A5CB-B294010AC178}.Release|Any CPU.Build.0 = Release|Any CPU
		{74B4F5B1-25BB-454B-8612-DCC4769BEBB5}.Debug|Any CPU.ActiveCfg = Debug|Any CPU
		{74B4F5B1-25BB-454B-8612-DCC4769BEBB5}.Debug|Any CPU.Build.0 = Debug|Any CPU
		{74B4F5B1-25BB-454B-8612-DCC4769BEBB5}.Debug|Any CPU.Deploy.0 = Debug|Any CPU
		{74B4F5B1-25BB-454B-8612-DCC4769BEBB5}.Release|Any CPU.ActiveCfg = Release|Any CPU
		{74B4F5B1-25BB-454B-8612-DCC4769BEBB5}.Release|Any CPU.Build.0 = Release|Any CPU
		{74B4F5B1-25BB-454B-8612-DCC4769BEBB5}.Release|Any CPU.Deploy.0 = Release|Any CPU
	EndGlobalSection
	GlobalSection(SolutionProperties) = preSolution
		HideSolutionNode = FALSE
	EndGlobalSection
EndGlobal
